
Microsoft Visual Studio Solution File, Format Version 12.00
# Visual Studio 15
VisualStudioVersion = 15.0.28010.2046
MinimumVisualStudioVersion = 10.0.40219.1
Project("{FAE04EC0-301F-11D3-BF4B-00C04F79EFBC}") = "Mantenimiento_Ferreteria", "Mantenimiento_Ferreteria\Mantenimiento_Ferreteria.csproj", "{D7B4B59C-6C28-44D9-B846-2E2B9DF32451}"
EndProject
Project("{FAE04EC0-301F-11D3-BF4B-00C04F79EFBC}") = "Capa_Negocio", "Capa_Negocio\Capa_Negocio.csproj", "{605E324D-C9C4-4F32-B36A-444623717344}"
EndProject
Project("{FAE04EC0-301F-11D3-BF4B-00C04F79EFBC}") = "Capa_Entidad", "Capa_Entidad\Capa_Entidad.csproj", "{E2257F1D-D50B-4C75-9EA5-717293F23243}"
EndProject
Project("{FAE04EC0-301F-11D3-BF4B-00C04F79EFBC}") = "Capa_Datos", "Capa_Datos\Capa_Datos.csproj", "{547901B4-D674-41D2-95EA-87D01250646C}"
EndProject
Global
	GlobalSection(SolutionConfigurationPlatforms) = preSolution
		Debug|Any CPU = Debug|Any CPU
		Release|Any CPU = Release|Any CPU
	EndGlobalSection
	GlobalSection(ProjectConfigurationPlatforms) = postSolution
		{D7B4B59C-6C28-44D9-B846-2E2B9DF32451}.Debug|Any CPU.ActiveCfg = Debug|Any CPU
		{D7B4B59C-6C28-44D9-B846-2E2B9DF32451}.Debug|Any CPU.Build.0 = Debug|Any CPU
		{D7B4B59C-6C28-44D9-B846-2E2B9DF32451}.Release|Any CPU.ActiveCfg = Release|Any CPU
		{D7B4B59C-6C28-44D9-B846-2E2B9DF32451}.Release|Any CPU.Build.0 = Release|Any CPU
		{605E324D-C9C4-4F32-B36A-444623717344}.Debug|Any CPU.ActiveCfg = Debug|Any CPU
		{605E324D-C9C4-4F32-B36A-444623717344}.Debug|Any CPU.Build.0 = Debug|Any CPU
		{605E324D-C9C4-4F32-B36A-444623717344}.Release|Any CPU.ActiveCfg = Release|Any CPU
		{605E324D-C9C4-4F32-B36A-444623717344}.Release|Any CPU.Build.0 = Release|Any CPU
		{E2257F1D-D50B-4C75-9EA5-717293F23243}.Debug|Any CPU.ActiveCfg = Debug|Any CPU
		{E2257F1D-D50B-4C75-9EA5-717293F23243}.Debug|Any CPU.Build.0 = Debug|Any CPU
		{E2257F1D-D50B-4C75-9EA5-717293F23243}.Release|Any CPU.ActiveCfg = Release|Any CPU
		{E2257F1D-D50B-4C75-9EA5-717293F23243}.Release|Any CPU.Build.0 = Release|Any CPU
		{547901B4-D674-41D2-95EA-87D01250646C}.Debug|Any CPU.ActiveCfg = Debug|Any CPU
		{547901B4-D674-41D2-95EA-87D01250646C}.Debug|Any CPU.Build.0 = Debug|Any CPU
		{547901B4-D674-41D2-95EA-87D01250646C}.Release|Any CPU.ActiveCfg = Release|Any CPU
		{547901B4-D674-41D2-95EA-87D01250646C}.Release|Any CPU.Build.0 = Release|Any CPU
	EndGlobalSection
	GlobalSection(SolutionProperties) = preSolution
		HideSolutionNode = FALSE
	EndGlobalSection
	GlobalSection(ExtensibilityGlobals) = postSolution
		SolutionGuid = {66AE1BF8-620F-474A-972B-D210EE484C58}
	EndGlobalSection
EndGlobal
